
Microsoft Visual Studio Solution File, Format Version 12.00
# Visual Studio 15
VisualStudioVersion = 15.0.28307.329
MinimumVisualStudioVersion = 10.0.40219.1
Project("{FAE04EC0-301F-11D3-BF4B-00C04F79EFBC}") = "geodesy_1", "ConsoleApp2\geodesy_1.csproj", "{016471FD-12F8-48F6-927A-9A9E111D0540}"
EndProject
Project("{2150E333-8FDC-42A3-9474-1A3956D46DE8}") = "Solution Items", "Solution Items", "{6989B499-2079-41FB-B4B7-CB559D1D2BC4}"
EndProject
Global
	GlobalSection(SolutionConfigurationPlatforms) = preSolution
		Debug|Any CPU = Debug|Any CPU
		Release|Any CPU = Release|Any CPU
	EndGlobalSection
	GlobalSection(ProjectConfigurationPlatforms) = postSolution
		{016471FD-12F8-48F6-927A-9A9E111D0540}.Debug|Any CPU.ActiveCfg = Debug|Any CPU
		{016471FD-12F8-48F6-927A-9A9E111D0540}.Debug|Any CPU.Build.0 = Debug|Any CPU
		{016471FD-12F8-48F6-927A-9A9E111D0540}.Release|Any CPU.ActiveCfg = Release|Any CPU
		{016471FD-12F8-48F6-927A-9A9E111D0540}.Release|Any CPU.Build.0 = Release|Any CPU
	EndGlobalSection
	GlobalSection(SolutionProperties) = preSolution
		HideSolutionNode = FALSE
	EndGlobalSection
	GlobalSection(ExtensibilityGlobals) = postSolution
		SolutionGuid = {ADA98802-543B-4B9A-AC36-E00C34F691F1}
	EndGlobalSection
EndGlobal
